
Microsoft Visual Studio Solution File, Format Version 12.00
# Visual Studio Version 17
VisualStudioVersion = 17.13.35931.197
MinimumVisualStudioVersion = 10.0.40219.1
Project("{FAE04EC0-301F-11D3-BF4B-00C04F79EFBC}") = "C#Test", "C#Test\C#Test.csproj", "{C164AB35-11BB-4E5A-81E4-E27DBC29C393}"
EndProject
Project("{FAE04EC0-301F-11D3-BF4B-00C04F79EFBC}") = "LINQTest", "LINQTest\LINQTest.csproj", "{A228439C-1D13-408E-B82B-9FFB7B5C137A}"
EndProject
Global
	GlobalSection(SolutionConfigurationPlatforms) = preSolution
		Debug|Any CPU = Debug|Any CPU
		Release|Any CPU = Release|Any CPU
	EndGlobalSection
	GlobalSection(ProjectConfigurationPlatforms) = postSolution
		{C164AB35-11BB-4E5A-81E4-E27DBC29C393}.Debug|Any CPU.ActiveCfg = Debug|Any CPU
		{C164AB35-11BB-4E5A-81E4-E27DBC29C393}.Debug|Any CPU.Build.0 = Debug|Any CPU
		{C164AB35-11BB-4E5A-81E4-E27DBC29C393}.Release|Any CPU.ActiveCfg = Release|Any CPU
		{C164AB35-11BB-4E5A-81E4-E27DBC29C393}.Release|Any CPU.Build.0 = Release|Any CPU
		{A228439C-1D13-408E-B82B-9FFB7B5C137A}.Debug|Any CPU.ActiveCfg = Debug|Any CPU
		{A228439C-1D13-408E-B82B-9FFB7B5C137A}.Debug|Any CPU.Build.0 = Debug|Any CPU
		{A228439C-1D13-408E-B82B-9FFB7B5C137A}.Release|Any CPU.ActiveCfg = Release|Any CPU
		{A228439C-1D13-408E-B82B-9FFB7B5C137A}.Release|Any CPU.Build.0 = Release|Any CPU
	EndGlobalSection
	GlobalSection(SolutionProperties) = preSolution
		HideSolutionNode = FALSE
	EndGlobalSection
	GlobalSection(ExtensibilityGlobals) = postSolution
		SolutionGuid = {1BA72A56-705C-45F5-8CDD-F67B3B4FBA7D}
	EndGlobalSection
EndGlobal
